<?xml version="1.0" encoding="utf-8"?>
<Project ToolsVersion="4.0" xmlns="http://schemas.microsoft.com/developer/msbuild/2003">
  <ItemGroup>
    <Filter Include="Source Files">
      <UniqueIdentifier>{4FC737F1-C7A5-4376-A066-2A32D752A2FF}</UniqueIdentifier>
      <Extensions>cpp;c;cc;cxx;c++;cppm;ixx;def;odl;idl;hpj;bat;asm;asmx</Extensions>
    </Filter>
    <Filter Include="Header Files">
      <UniqueIdentifier>{93995380-89BD-4b04-88EB-625FBE52EBFB}</UniqueIdentifier>
      <Extensions>h;hh;hpp;hxx;h++;hm;inl;inc;ipp;xsd</Extensions>
    </Filter>
    <Filter Include="Resource Files">
      <UniqueIdentifier>{67DA6AB6-F800-4c08-8B7A-83BB121AAD01}</UniqueIdentifier>
      <Extensions>rc;ico;cur;bmp;dlg;rc2;rct;bin;rgs;gif;jpg;jpeg;jpe;resx;tiff;tif;png;wav;mfcribbon-ms</Extensions>
    </Filter>
  </ItemGroup>
  <ItemGroup>
    <ClCompile Include="HydroSolver.cpp">
      <Filter>Source Files</Filter>
    </ClCompile>
    <ClCompile Include="stdafx.cpp">
      <Filter>Source Files</Filter>
    </ClCompile>
    <ClCompile Include="Descriptors\Descriptors.cpp">
      <Filter>Source Files</Filter>
    </ClCompile>
    <ClCompile Include="Data\ReservoirFactory.cpp">
      <Filter>Source Files</Filter>
    </ClCompile>
    <ClCompile Include="Data\DBUtils.cpp">
      <Filter>Source Files</Filter>
    </ClCompile>
    <ClCompile Include="Data\wells\Maps.cpp">
      <Filter>Source Files</Filter>
    </ClCompile>
    <ClCompile Include="Data\wells\GEOSObject.cpp">
      <Filter>Source Files</Filter>
    </ClCompile>
    <ClCompile Include="Data\wells\WellDataHandler.cpp">
      <Filter>Source Files</Filter>
    </ClCompile>
    <ClCompile Include="Data\wells\WellsBase.cpp">
      <Filter>Source Files</Filter>
    </ClCompile>
    <ClCompile Include="Data\wells\MessageQueue.cpp">
      <Filter>Source Files</Filter>
    </ClCompile>
    <ClCompile Include="Data\WellFactory.cpp">
      <Filter>Source Files</Filter>
    </ClCompile>
    <ClCompile Include="Data\ConnectionFactory.cpp">
      <Filter>Source Files</Filter>
    </ClCompile>
    <ClCompile Include="Reservoir\Well\WellJobs.cpp">
      <Filter>Source Files</Filter>
    </ClCompile>
    <ClCompile Include="Reservoir\Well\SetOfPoints.cpp">
      <Filter>Source Files</Filter>
    </ClCompile>
    <ClCompile Include="Descriptors\MER_Descriptor.cpp">
      <Filter>Source Files</Filter>
    </ClCompile>
    <ClCompile Include="Data\HorizonFactory.cpp">
      <Filter>Source Files</Filter>
    </ClCompile>
    <ClCompile Include="tests\create_horizon.cpp">
      <Filter>Source Files</Filter>
    </ClCompile>
    <ClCompile Include="tests\create_merdata.cpp">
      <Filter>Source Files</Filter>
    </ClCompile>
    <ClCompile Include="Reservoir\Well\WellTrajectory.cpp">
      <Filter>Source Files</Filter>
    </ClCompile>
    <ClCompile Include="Reservoir\NumericalParameters.cpp">
      <Filter>Source Files</Filter>
    </ClCompile>
    <ClCompile Include="tests\create_numericalparameters.cpp">
      <Filter>Source Files</Filter>
    </ClCompile>
    <ClCompile Include="Reservoir\Well\SomeWell.cpp">
      <Filter>Source Files</Filter>
    </ClCompile>
    <ClCompile Include="tests\create_well.cpp">
      <Filter>Source Files</Filter>
    </ClCompile>
    <ClCompile Include="tests\create_oilfield.cpp">
      <Filter>Source Files</Filter>
    </ClCompile>
    <ClCompile Include="Solver\Grids\OilField.cpp">
      <Filter>Source Files</Filter>
    </ClCompile>
    <ClCompile Include="Solver\Grids\Cells\TwoPhaseFlowCell.cpp">
      <Filter>Source Files</Filter>
    </ClCompile>
    <ClCompile Include="Solver\Grids\Cells\AbstractCells.cpp">
      <Filter>Source Files</Filter>
    </ClCompile>
    <ClCompile Include="Solver\Math\MathRoutines.cpp">
      <Filter>Source Files</Filter>
    </ClCompile>
    <ClCompile Include="tests\create_perforations.cpp">
      <Filter>Source Files</Filter>
    </ClCompile>
    <ClCompile Include="tests\create_reservoirsimulator.cpp">
      <Filter>Source Files</Filter>
    </ClCompile>
    <ClCompile Include="Anomaly\FlowField\SomeFlowField.cpp">
      <Filter>Source Files</Filter>
    </ClCompile>
    <ClCompile Include="Reservoir\ReservoirSimulator.cpp">
      <Filter>Source Files</Filter>
    </ClCompile>
    <ClCompile Include="Utils\UniversalSVParser.cpp">
      <Filter>Source Files</Filter>
    </ClCompile>
    <ClCompile Include="Utils\UniversalSVWriter.cpp">
      <Filter>Source Files</Filter>
    </ClCompile>
    <ClCompile Include="tests\simulate_reservoir.cpp">
      <Filter>Source Files</Filter>
    </ClCompile>
    <ClCompile Include="Data\RawWellFactory.cpp">
      <Filter>Source Files</Filter>
    </ClCompile>
    <ClCompile Include="Solver\Math\SparsityPattern.cpp">
      <Filter>Source Files</Filter>
    </ClCompile>
    <ClCompile Include="Solver\Math\MatrixCSR.cpp">
      <Filter>Source Files</Filter>
    </ClCompile>
    <ClCompile Include="Solver\Math\LinearProblem.cpp">
      <Filter>Source Files</Filter>
    </ClCompile>
    <ClCompile Include="Reservoir\CalculationManager.cpp">
      <Filter>Source Files</Filter>
    </ClCompile>
    <ClCompile Include="Reservoir\Well\Wells.cpp">
      <Filter>Source Files</Filter>
    </ClCompile>
  </ItemGroup>
  <ItemGroup>
    <ClInclude Include="stdafx.h">
      <Filter>Header Files</Filter>
    </ClInclude>
    <ClInclude Include="Descriptors\Descriptors.h">
      <Filter>Header Files</Filter>
    </ClInclude>
    <ClInclude Include="Data\ReservoirFactory.h">
      <Filter>Header Files</Filter>
    </ClInclude>
    <ClInclude Include="Data\DBUtils.h">
      <Filter>Header Files</Filter>
    </ClInclude>
    <ClInclude Include="Data\wells\WellsBase.h">
      <Filter>Header Files</Filter>
    </ClInclude>
    <ClInclude Include="Data\wells\GeosPoint.h">
      <Filter>Header Files</Filter>
    </ClInclude>
    <ClInclude Include="Data\wells\GEOSObject.h">
      <Filter>Header Files</Filter>
    </ClInclude>
    <ClInclude Include="Data\wells\WellDataHandler.h">
      <Filter>Header Files</Filter>
    </ClInclude>
    <ClInclude Include="Data\wells\MessageQueue.h">
      <Filter>Header Files</Filter>
    </ClInclude>
    <ClInclude Include="Data\wells\LayeredData.h">
      <Filter>Header Files</Filter>
    </ClInclude>
    <ClInclude Include="Data\wells\Maps.h">
      <Filter>Header Files</Filter>
    </ClInclude>
    <ClInclude Include="Data\wells\PathUtils.h">
      <Filter>Header Files</Filter>
    </ClInclude>
    <ClInclude Include="Data\WellFactory.h">
      <Filter>Header Files</Filter>
    </ClInclude>
    <ClInclude Include="Data\ConnectionFactory.h">
      <Filter>Header Files</Filter>
    </ClInclude>
    <ClInclude Include="Helpers\DataPrinter.h">
      <Filter>Header Files</Filter>
    </ClInclude>
    <ClInclude Include="Reservoir\Well\WellJobs.h">
      <Filter>Header Files</Filter>
    </ClInclude>
    <ClInclude Include="Reservoir\Well\SetOfPoints.h">
      <Filter>Header Files</Filter>
    </ClInclude>
    <ClInclude Include="Data\ExceptionFactory.h">
      <Filter>Header Files</Filter>
    </ClInclude>
    <ClInclude Include="Descriptors\MER_Descriptor.h">
      <Filter>Header Files</Filter>
    </ClInclude>
    <ClInclude Include="Data\HorizonFactory.h">
      <Filter>Header Files</Filter>
    </ClInclude>
    <ClInclude Include="tests\create_horizon.h">
      <Filter>Header Files</Filter>
    </ClInclude>
    <ClInclude Include="defines.h">
      <Filter>Header Files</Filter>
    </ClInclude>
    <ClInclude Include="tests\create_merdata.h">
      <Filter>Header Files</Filter>
    </ClInclude>
    <ClInclude Include="Reservoir\Well\WellTrajectory.h">
      <Filter>Header Files</Filter>
    </ClInclude>
    <ClInclude Include="Reservoir\NumericalParameters.h">
      <Filter>Header Files</Filter>
    </ClInclude>
    <ClInclude Include="tests\create_numericalparameters.h">
      <Filter>Header Files</Filter>
    </ClInclude>
    <ClInclude Include="Reservoir\Well\SomeWell.h">
      <Filter>Header Files</Filter>
    </ClInclude>
    <ClInclude Include="tests\create_well.h">
      <Filter>Header Files</Filter>
    </ClInclude>
    <ClInclude Include="Reservoir\Well\Wells.h">
      <Filter>Header Files</Filter>
    </ClInclude>
    <ClInclude Include="tests\create_oilfield.h">
      <Filter>Header Files</Filter>
    </ClInclude>
    <ClInclude Include="Solver\Grids\OilField.h">
      <Filter>Header Files</Filter>
    </ClInclude>
    <ClInclude Include="Solver\Grids\Cells\TwoPhaseFlowCell.h">
      <Filter>Header Files</Filter>
    </ClInclude>
    <ClInclude Include="Solver\Grids\Cells\AbstractCells.h">
      <Filter>Header Files</Filter>
    </ClInclude>
    <ClInclude Include="Solver\Grids\AbstractGrid.h">
      <Filter>Header Files</Filter>
    </ClInclude>
    <ClInclude Include="Solver\Math\MathRoutines.h">
      <Filter>Header Files</Filter>
    </ClInclude>
    <ClInclude Include="Solver\Math\LinearProblem.h">
      <Filter>Header Files</Filter>
    </ClInclude>
    <ClInclude Include="AMGSolver\amgcl\amgcl\profiler.hpp">
      <Filter>Header Files</Filter>
    </ClInclude>
    <ClInclude Include="AMGSolver\amgcl\amgcl\adapter\block_matrix.hpp">
      <Filter>Header Files</Filter>
    </ClInclude>
    <ClInclude Include="AMGSolver\amgcl\amgcl\adapter\complex.hpp">
      <Filter>Header Files</Filter>
    </ClInclude>
    <ClInclude Include="AMGSolver\amgcl\amgcl\adapter\crs_builder.hpp">
      <Filter>Header Files</Filter>
    </ClInclude>
    <ClInclude Include="AMGSolver\amgcl\amgcl\adapter\crs_tuple.hpp">
      <Filter>Header Files</Filter>
    </ClInclude>
    <ClInclude Include="AMGSolver\amgcl\amgcl\adapter\eigen.hpp">
      <Filter>Header Files</Filter>
    </ClInclude>
    <ClInclude Include="AMGSolver\amgcl\amgcl\adapter\epetra.hpp">
      <Filter>Header Files</Filter>
    </ClInclude>
    <ClInclude Include="AMGSolver\amgcl\amgcl\adapter\reorder.hpp">
      <Filter>Header Files</Filter>
    </ClInclude>
    <ClInclude Include="AMGSolver\amgcl\amgcl\adapter\scaled_problem.hpp">
      <Filter>Header Files</Filter>
    </ClInclude>
    <ClInclude Include="AMGSolver\amgcl\amgcl\adapter\ublas.hpp">
      <Filter>Header Files</Filter>
    </ClInclude>
    <ClInclude Include="AMGSolver\amgcl\amgcl\adapter\zero_copy.hpp">
      <Filter>Header Files</Filter>
    </ClInclude>
    <ClInclude Include="AMGSolver\amgcl\amgcl\value_type\complex.hpp">
      <Filter>Header Files</Filter>
    </ClInclude>
    <ClInclude Include="AMGSolver\amgcl\amgcl\value_type\eigen.hpp">
      <Filter>Header Files</Filter>
    </ClInclude>
    <ClInclude Include="AMGSolver\amgcl\amgcl\value_type\interface.hpp">
      <Filter>Header Files</Filter>
    </ClInclude>
    <ClInclude Include="AMGSolver\amgcl\amgcl\value_type\static_matrix.hpp">
      <Filter>Header Files</Filter>
    </ClInclude>
    <ClInclude Include="AMGSolver\amgcl\amgcl\make_block_solver.hpp">
      <Filter>Header Files</Filter>
    </ClInclude>
    <ClInclude Include="AMGSolver\amgcl\amgcl\make_solver.hpp">
      <Filter>Header Files</Filter>
    </ClInclude>
    <ClInclude Include="AMGSolver\amgcl\amgcl\solver\detail\default_inner_product.hpp">
      <Filter>Header Files</Filter>
    </ClInclude>
    <ClInclude Include="AMGSolver\amgcl\amgcl\solver\detail\givens_rotations.hpp">
      <Filter>Header Files</Filter>
    </ClInclude>
    <ClInclude Include="AMGSolver\amgcl\amgcl\solver\bicgstab.hpp">
      <Filter>Header Files</Filter>
    </ClInclude>
    <ClInclude Include="AMGSolver\amgcl\amgcl\solver\bicgstabl.hpp">
      <Filter>Header Files</Filter>
    </ClInclude>
    <ClInclude Include="AMGSolver\amgcl\amgcl\solver\cg.hpp">
      <Filter>Header Files</Filter>
    </ClInclude>
    <ClInclude Include="AMGSolver\amgcl\amgcl\solver\eigen.hpp">
      <Filter>Header Files</Filter>
    </ClInclude>
    <ClInclude Include="AMGSolver\amgcl\amgcl\solver\fgmres.hpp">
      <Filter>Header Files</Filter>
    </ClInclude>
    <ClInclude Include="AMGSolver\amgcl\amgcl\solver\gmres.hpp">
      <Filter>Header Files</Filter>
    </ClInclude>
    <ClInclude Include="AMGSolver\amgcl\amgcl\solver\idrs.hpp">
      <Filter>Header Files</Filter>
    </ClInclude>
    <ClInclude Include="AMGSolver\amgcl\amgcl\solver\lgmres.hpp">
      <Filter>Header Files</Filter>
    </ClInclude>
    <ClInclude Include="AMGSolver\amgcl\amgcl\solver\precond_side.hpp">
      <Filter>Header Files</Filter>
    </ClInclude>
    <ClInclude Include="AMGSolver\amgcl\amgcl\solver\preonly.hpp">
      <Filter>Header Files</Filter>
    </ClInclude>
    <ClInclude Include="AMGSolver\amgcl\amgcl\solver\richardson.hpp">
      <Filter>Header Files</Filter>
    </ClInclude>
    <ClInclude Include="AMGSolver\amgcl\amgcl\solver\runtime.hpp">
      <Filter>Header Files</Filter>
    </ClInclude>
    <ClInclude Include="AMGSolver\amgcl\amgcl\solver\skyline_lu.hpp">
      <Filter>Header Files</Filter>
    </ClInclude>
    <ClInclude Include="AMGSolver\amgcl\amgcl\amg.hpp">
      <Filter>Header Files</Filter>
    </ClInclude>
    <ClInclude Include="AMGSolver\amgcl\amgcl\relaxation\detail\ilu_solve.hpp">
      <Filter>Header Files</Filter>
    </ClInclude>
    <ClInclude Include="AMGSolver\amgcl\amgcl\relaxation\as_block.hpp">
      <Filter>Header Files</Filter>
    </ClInclude>
    <ClInclude Include="AMGSolver\amgcl\amgcl\relaxation\as_preconditioner.hpp">
      <Filter>Header Files</Filter>
    </ClInclude>
    <ClInclude Include="AMGSolver\amgcl\amgcl\relaxation\chebyshev.hpp">
      <Filter>Header Files</Filter>
    </ClInclude>
    <ClInclude Include="AMGSolver\amgcl\amgcl\relaxation\cusparse_ilu0.hpp">
      <Filter>Header Files</Filter>
    </ClInclude>
    <ClInclude Include="AMGSolver\amgcl\amgcl\relaxation\damped_jacobi.hpp">
      <Filter>Header Files</Filter>
    </ClInclude>
    <ClInclude Include="AMGSolver\amgcl\amgcl\relaxation\gauss_seidel.hpp">
      <Filter>Header Files</Filter>
    </ClInclude>
    <ClInclude Include="AMGSolver\amgcl\amgcl\relaxation\ilu0.hpp">
      <Filter>Header Files</Filter>
    </ClInclude>
    <ClInclude Include="AMGSolver\amgcl\amgcl\relaxation\iluk.hpp">
      <Filter>Header Files</Filter>
    </ClInclude>
    <ClInclude Include="AMGSolver\amgcl\amgcl\relaxation\ilup.hpp">
      <Filter>Header Files</Filter>
    </ClInclude>
    <ClInclude Include="AMGSolver\amgcl\amgcl\relaxation\ilut.hpp">
      <Filter>Header Files</Filter>
    </ClInclude>
    <ClInclude Include="AMGSolver\amgcl\amgcl\relaxation\runtime.hpp">
      <Filter>Header Files</Filter>
    </ClInclude>
    <ClInclude Include="AMGSolver\amgcl\amgcl\relaxation\spai0.hpp">
      <Filter>Header Files</Filter>
    </ClInclude>
    <ClInclude Include="AMGSolver\amgcl\amgcl\relaxation\spai1.hpp">
      <Filter>Header Files</Filter>
    </ClInclude>
    <ClInclude Include="AMGSolver\amgcl\amgcl\coarsening\detail\galerkin.hpp">
      <Filter>Header Files</Filter>
    </ClInclude>
    <ClInclude Include="AMGSolver\amgcl\amgcl\coarsening\detail\scaled_galerkin.hpp">
      <Filter>Header Files</Filter>
    </ClInclude>
    <ClInclude Include="AMGSolver\amgcl\amgcl\coarsening\aggregation.hpp">
      <Filter>Header Files</Filter>
    </ClInclude>
    <ClInclude Include="AMGSolver\amgcl\amgcl\coarsening\as_scalar.hpp">
      <Filter>Header Files</Filter>
    </ClInclude>
    <ClInclude Include="AMGSolver\amgcl\amgcl\coarsening\plain_aggregates.hpp">
      <Filter>Header Files</Filter>
    </ClInclude>
    <ClInclude Include="AMGSolver\amgcl\amgcl\coarsening\pointwise_aggregates.hpp">
      <Filter>Header Files</Filter>
    </ClInclude>
    <ClInclude Include="AMGSolver\amgcl\amgcl\coarsening\rigid_body_modes.hpp">
      <Filter>Header Files</Filter>
    </ClInclude>
    <ClInclude Include="AMGSolver\amgcl\amgcl\coarsening\ruge_stuben.hpp">
      <Filter>Header Files</Filter>
    </ClInclude>
    <ClInclude Include="AMGSolver\amgcl\amgcl\coarsening\runtime.hpp">
      <Filter>Header Files</Filter>
    </ClInclude>
    <ClInclude Include="AMGSolver\amgcl\amgcl\coarsening\smoothed_aggr_emin.hpp">
      <Filter>Header Files</Filter>
    </ClInclude>
    <ClInclude Include="AMGSolver\amgcl\amgcl\coarsening\smoothed_aggregation.hpp">
      <Filter>Header Files</Filter>
    </ClInclude>
    <ClInclude Include="AMGSolver\amgcl\amgcl\coarsening\tentative_prolongation.hpp">
      <Filter>Header Files</Filter>
    </ClInclude>
    <ClInclude Include="AMGSolver\amgcl\amgcl\io\binary.hpp">
      <Filter>Header Files</Filter>
    </ClInclude>
    <ClInclude Include="AMGSolver\amgcl\amgcl\io\ios_saver.hpp">
      <Filter>Header Files</Filter>
    </ClInclude>
    <ClInclude Include="AMGSolver\amgcl\amgcl\io\mm.hpp">
      <Filter>Header Files</Filter>
    </ClInclude>
    <ClInclude Include="AMGSolver\amgcl\amgcl\util.hpp">
      <Filter>Header Files</Filter>
    </ClInclude>
    <ClInclude Include="tests\create_perforations.h">
      <Filter>Header Files</Filter>
    </ClInclude>
    <ClInclude Include="Solver\Grids\RawHorizon.h">
      <Filter>Header Files</Filter>
    </ClInclude>
    <ClInclude Include="Data\PhaseFactory.hpp">
      <Filter>Header Files</Filter>
    </ClInclude>
    <ClInclude Include="Reservoir\AnomalySimulator.h">
      <Filter>Header Files</Filter>
    </ClInclude>
    <ClInclude Include="Reservoir\ReservoirSImulator.h">
      <Filter>Header Files</Filter>
    </ClInclude>
    <ClInclude Include="Solver\Grids\GridDescriptors.h">
      <Filter>Header Files</Filter>
    </ClInclude>
    <ClInclude Include="tests\create_reservoirsimulator.h">
      <Filter>Header Files</Filter>
    </ClInclude>
    <ClInclude Include="Anomaly\FlowField\SomeFlowField.h">
      <Filter>Header Files</Filter>
    </ClInclude>
    <ClInclude Include="Utils\UniversalSVParser.h">
      <Filter>Header Files</Filter>
    </ClInclude>
    <ClInclude Include="Utils\UniversalSVWriter.h">
      <Filter>Header Files</Filter>
    </ClInclude>
    <ClInclude Include="tests\simulate_reservoir.h">
      <Filter>Header Files</Filter>
    </ClInclude>
    <ClInclude Include="Data\RawWellFactory.h">
      <Filter>Header Files</Filter>
    </ClInclude>
    <ClInclude Include="Solver\Grids\PropertyDescriptor.h">
      <Filter>Header Files</Filter>
    </ClInclude>
    <ClInclude Include="Solver\Math\SparsityPattern.h">
      <Filter>Header Files</Filter>
    </ClInclude>
    <ClInclude Include="Solver\Math\MatrixCSR.h">
      <Filter>Header Files</Filter>
    </ClInclude>
    <ClInclude Include="Reservoir\CalculationManager.h">
      <Filter>Header Files</Filter>
    </ClInclude>
  </ItemGroup>
</Project>